
Microsoft Visual Studio Solution File, Format Version 12.00
# Visual Studio Version 17
VisualStudioVersion = 17.2.32616.157
MinimumVisualStudioVersion = 10.0.40219.1
Project("{FAE04EC0-301F-11D3-BF4B-00C04F79EFBC}") = "CQIE.OVS.Web", "CQIE.OVS.Web\CQIE.OVS.Web.csproj", "{93E97288-FD14-45FA-BAF1-FB507D839059}"
EndProject
Project("{9A19103F-16F7-4668-BE54-9A1E7A4F7556}") = "CQIE.OVS.DataAccess", "CQIE.OVS.DataAccess\CQIE.OVS.DataAccess.csproj", "{12F62569-7DF3-443C-B4A7-E8E569D6C56B}"
EndProject
Project("{9A19103F-16F7-4668-BE54-9A1E7A4F7556}") = "CQIE.OVS.Models", "CQIE.OVS.Models\CQIE.OVS.Models.csproj", "{6D5C6DCF-6C10-44DF-AE3B-748C4E8E2607}"
EndProject
Project("{9A19103F-16F7-4668-BE54-9A1E7A4F7556}") = "CQIE.OVS.Repository", "CQIE.OVS.Reposity\CQIE.OVS.Repository.csproj", "{4052D6A4-C8A8-4369-9841-9D903E1255E2}"
EndProject
Project("{9A19103F-16F7-4668-BE54-9A1E7A4F7556}") = "CQIE.OVS.Services", "CQIE.OVS.Services\CQIE.OVS.Services.csproj", "{69E3A1DC-29F9-4DBF-B67B-5F20CB3A98D0}"
EndProject
Global
	GlobalSection(SolutionConfigurationPlatforms) = preSolution
		Debug|Any CPU = Debug|Any CPU
		Release|Any CPU = Release|Any CPU
	EndGlobalSection
	GlobalSection(ProjectConfigurationPlatforms) = postSolution
		{93E97288-FD14-45FA-BAF1-FB507D839059}.Debug|Any CPU.ActiveCfg = Debug|Any CPU
		{93E97288-FD14-45FA-BAF1-FB507D839059}.Debug|Any CPU.Build.0 = Debug|Any CPU
		{93E97288-FD14-45FA-BAF1-FB507D839059}.Release|Any CPU.ActiveCfg = Release|Any CPU
		{93E97288-FD14-45FA-BAF1-FB507D839059}.Release|Any CPU.Build.0 = Release|Any CPU
		{12F62569-7DF3-443C-B4A7-E8E569D6C56B}.Debug|Any CPU.ActiveCfg = Debug|Any CPU
		{12F62569-7DF3-443C-B4A7-E8E569D6C56B}.Debug|Any CPU.Build.0 = Debug|Any CPU
		{12F62569-7DF3-443C-B4A7-E8E569D6C56B}.Release|Any CPU.ActiveCfg = Release|Any CPU
		{12F62569-7DF3-443C-B4A7-E8E569D6C56B}.Release|Any CPU.Build.0 = Release|Any CPU
		{6D5C6DCF-6C10-44DF-AE3B-748C4E8E2607}.Debug|Any CPU.ActiveCfg = Debug|Any CPU
		{6D5C6DCF-6C10-44DF-AE3B-748C4E8E2607}.Debug|Any CPU.Build.0 = Debug|Any CPU
		{6D5C6DCF-6C10-44DF-AE3B-748C4E8E2607}.Release|Any CPU.ActiveCfg = Release|Any CPU
		{6D5C6DCF-6C10-44DF-AE3B-748C4E8E2607}.Release|Any CPU.Build.0 = Release|Any CPU
		{4052D6A4-C8A8-4369-9841-9D903E1255E2}.Debug|Any CPU.ActiveCfg = Debug|Any CPU
		{4052D6A4-C8A8-4369-9841-9D903E1255E2}.Debug|Any CPU.Build.0 = Debug|Any CPU
		{4052D6A4-C8A8-4369-9841-9D903E1255E2}.Release|Any CPU.ActiveCfg = Release|Any CPU
		{4052D6A4-C8A8-4369-9841-9D903E1255E2}.Release|Any CPU.Build.0 = Release|Any CPU
		{69E3A1DC-29F9-4DBF-B67B-5F20CB3A98D0}.Debug|Any CPU.ActiveCfg = Debug|Any CPU
		{69E3A1DC-29F9-4DBF-B67B-5F20CB3A98D0}.Debug|Any CPU.Build.0 = Debug|Any CPU
		{69E3A1DC-29F9-4DBF-B67B-5F20CB3A98D0}.Release|Any CPU.ActiveCfg = Release|Any CPU
		{69E3A1DC-29F9-4DBF-B67B-5F20CB3A98D0}.Release|Any CPU.Build.0 = Release|Any CPU
	EndGlobalSection
	GlobalSection(SolutionProperties) = preSolution
		HideSolutionNode = FALSE
	EndGlobalSection
	GlobalSection(ExtensibilityGlobals) = postSolution
		SolutionGuid = {0306FA12-E6D2-4FFC-827F-0AE7ADF1275C}
	EndGlobalSection
EndGlobal
